
Microsoft Visual Studio Solution File, Format Version 12.00
# Visual Studio 15
VisualStudioVersion = 15.0.28307.757
MinimumVisualStudioVersion = 10.0.40219.1
Project("{FAE04EC0-301F-11D3-BF4B-00C04F79EFBC}") = "Computers", "Computers\Computers.csproj", "{A181A1A6-A6CC-4B95-B223-F8B20D464D9F}"
EndProject
Project("{8BC9CEB8-8B4A-11D0-8D11-00A0C91BC942}") = "Pencils", "Pencils\Pencils.vcxproj", "{9D85FECE-5C83-4001-B974-03AD212D5AEE}"
EndProject
Global
	GlobalSection(SolutionConfigurationPlatforms) = preSolution
		Debug|Any CPU = Debug|Any CPU
		Debug|x64 = Debug|x64
		Debug|x86 = Debug|x86
		Release|Any CPU = Release|Any CPU
		Release|x64 = Release|x64
		Release|x86 = Release|x86
	EndGlobalSection
	GlobalSection(ProjectConfigurationPlatforms) = postSolution
		{A181A1A6-A6CC-4B95-B223-F8B20D464D9F}.Debug|Any CPU.ActiveCfg = Debug|Any CPU
		{A181A1A6-A6CC-4B95-B223-F8B20D464D9F}.Debug|Any CPU.Build.0 = Debug|Any CPU
		{A181A1A6-A6CC-4B95-B223-F8B20D464D9F}.Debug|x64.ActiveCfg = Debug|Any CPU
		{A181A1A6-A6CC-4B95-B223-F8B20D464D9F}.Debug|x64.Build.0 = Debug|Any CPU
		{A181A1A6-A6CC-4B95-B223-F8B20D464D9F}.Debug|x86.ActiveCfg = Debug|Any CPU
		{A181A1A6-A6CC-4B95-B223-F8B20D464D9F}.Debug|x86.Build.0 = Debug|Any CPU
		{A181A1A6-A6CC-4B95-B223-F8B20D464D9F}.Release|Any CPU.ActiveCfg = Release|Any CPU
		{A181A1A6-A6CC-4B95-B223-F8B20D464D9F}.Release|Any CPU.Build.0 = Release|Any CPU
		{A181A1A6-A6CC-4B95-B223-F8B20D464D9F}.Release|x64.ActiveCfg = Release|Any CPU
		{A181A1A6-A6CC-4B95-B223-F8B20D464D9F}.Release|x64.Build.0 = Release|Any CPU
		{A181A1A6-A6CC-4B95-B223-F8B20D464D9F}.Release|x86.ActiveCfg = Release|Any CPU
		{A181A1A6-A6CC-4B95-B223-F8B20D464D9F}.Release|x86.Build.0 = Release|Any CPU
		{9D85FECE-5C83-4001-B974-03AD212D5AEE}.Debug|Any CPU.ActiveCfg = Debug|Win32
		{9D85FECE-5C83-4001-B974-03AD212D5AEE}.Debug|x64.ActiveCfg = Debug|x64
		{9D85FECE-5C83-4001-B974-03AD212D5AEE}.Debug|x64.Build.0 = Debug|x64
		{9D85FECE-5C83-4001-B974-03AD212D5AEE}.Debug|x86.ActiveCfg = Debug|Win32
		{9D85FECE-5C83-4001-B974-03AD212D5AEE}.Debug|x86.Build.0 = Debug|Win32
		{9D85FECE-5C83-4001-B974-03AD212D5AEE}.Release|Any CPU.ActiveCfg = Release|Win32
		{9D85FECE-5C83-4001-B974-03AD212D5AEE}.Release|x64.ActiveCfg = Release|x64
		{9D85FECE-5C83-4001-B974-03AD212D5AEE}.Release|x64.Build.0 = Release|x64
		{9D85FECE-5C83-4001-B974-03AD212D5AEE}.Release|x86.ActiveCfg = Release|Win32
		{9D85FECE-5C83-4001-B974-03AD212D5AEE}.Release|x86.Build.0 = Release|Win32
	EndGlobalSection
	GlobalSection(SolutionProperties) = preSolution
		HideSolutionNode = FALSE
	EndGlobalSection
	GlobalSection(ExtensibilityGlobals) = postSolution
		SolutionGuid = {EACCC189-D6E9-402D-AEE8-C0E28713FB13}
	EndGlobalSection
EndGlobal
